
Microsoft Visual Studio Solution File, Format Version 12.00
# Visual Studio Version 17
VisualStudioVersion = 17.1.32210.238
MinimumVisualStudioVersion = 10.0.40219.1
Project("{FAE04EC0-301F-11D3-BF4B-00C04F79EFBC}") = "Simplilearnwappci", "Simplilearnwappci\Simplilearnwappci.csproj", "{B90D7564-AB7E-4974-A2BE-268E6CE7453C}"
EndProject
Global
	GlobalSection(SolutionConfigurationPlatforms) = preSolution
		Debug|Any CPU = Debug|Any CPU
		Release|Any CPU = Release|Any CPU
	EndGlobalSection
	GlobalSection(ProjectConfigurationPlatforms) = postSolution
		{B90D7564-AB7E-4974-A2BE-268E6CE7453C}.Debug|Any CPU.ActiveCfg = Debug|Any CPU
		{B90D7564-AB7E-4974-A2BE-268E6CE7453C}.Debug|Any CPU.Build.0 = Debug|Any CPU
		{B90D7564-AB7E-4974-A2BE-268E6CE7453C}.Release|Any CPU.ActiveCfg = Release|Any CPU
		{B90D7564-AB7E-4974-A2BE-268E6CE7453C}.Release|Any CPU.Build.0 = Release|Any CPU
	EndGlobalSection
	GlobalSection(SolutionProperties) = preSolution
		HideSolutionNode = FALSE
	EndGlobalSection
	GlobalSection(ExtensibilityGlobals) = postSolution
		SolutionGuid = {FF71224C-3B85-4100-BAC4-A72AF7E58456}
	EndGlobalSection
EndGlobal
